
Microsoft Visual Studio Solution File, Format Version 12.00
# Visual Studio 14
VisualStudioVersion = 14.0.23107.0
MinimumVisualStudioVersion = 10.0.40219.1
Project("{FAE04EC0-301F-11D3-BF4B-00C04F79EFBC}") = "Pokémon3D", "Pokémon3D\Pokémon3D.csproj", "{5D11A857-65E3-46BB-9550-633D5DC5973F}"
EndProject
Project("{FAE04EC0-301F-11D3-BF4B-00C04F79EFBC}") = "Pokemon3D.Rendering", "Pokemon3D.Rendering\Pokemon3D.Rendering.csproj", "{D3C6EA8F-1A82-4885-849E-D83747CD8EBC}"
EndProject
Project("{FAE04EC0-301F-11D3-BF4B-00C04F79EFBC}") = "Pokemon3D.Common", "Pokemon3D.Common\Pokemon3D.Common.csproj", "{B29DC7F0-2A16-4585-80A2-B4030558EC35}"
EndProject
Project("{FAE04EC0-301F-11D3-BF4B-00C04F79EFBC}") = "birdScript", "birdScript\birdScript.csproj", "{7C228BB5-E710-4170-9C70-8A588040E405}"
EndProject
Project("{FAE04EC0-301F-11D3-BF4B-00C04F79EFBC}") = "Test", "Test\Test.csproj", "{A4B3AF37-1A1B-4253-9C24-DF1C81D9C7A8}"
EndProject
Global
	GlobalSection(SolutionConfigurationPlatforms) = preSolution
		Debug|Any CPU = Debug|Any CPU
		Debug|Mixed Platforms = Debug|Mixed Platforms
		Debug|x86 = Debug|x86
		Release|Any CPU = Release|Any CPU
		Release|Mixed Platforms = Release|Mixed Platforms
		Release|x86 = Release|x86
	EndGlobalSection
	GlobalSection(ProjectConfigurationPlatforms) = postSolution
		{5D11A857-65E3-46BB-9550-633D5DC5973F}.Debug|Any CPU.ActiveCfg = Debug|x86
		{5D11A857-65E3-46BB-9550-633D5DC5973F}.Debug|Mixed Platforms.ActiveCfg = Debug|x86
		{5D11A857-65E3-46BB-9550-633D5DC5973F}.Debug|Mixed Platforms.Build.0 = Debug|x86
		{5D11A857-65E3-46BB-9550-633D5DC5973F}.Debug|x86.ActiveCfg = Debug|x86
		{5D11A857-65E3-46BB-9550-633D5DC5973F}.Debug|x86.Build.0 = Debug|x86
		{5D11A857-65E3-46BB-9550-633D5DC5973F}.Release|Any CPU.ActiveCfg = Release|x86
		{5D11A857-65E3-46BB-9550-633D5DC5973F}.Release|Mixed Platforms.ActiveCfg = Release|x86
		{5D11A857-65E3-46BB-9550-633D5DC5973F}.Release|Mixed Platforms.Build.0 = Release|x86
		{5D11A857-65E3-46BB-9550-633D5DC5973F}.Release|x86.ActiveCfg = Release|x86
		{5D11A857-65E3-46BB-9550-633D5DC5973F}.Release|x86.Build.0 = Release|x86
		{D3C6EA8F-1A82-4885-849E-D83747CD8EBC}.Debug|Any CPU.ActiveCfg = Debug|Any CPU
		{D3C6EA8F-1A82-4885-849E-D83747CD8EBC}.Debug|Any CPU.Build.0 = Debug|Any CPU
		{D3C6EA8F-1A82-4885-849E-D83747CD8EBC}.Debug|Mixed Platforms.ActiveCfg = Debug|Any CPU
		{D3C6EA8F-1A82-4885-849E-D83747CD8EBC}.Debug|Mixed Platforms.Build.0 = Debug|Any CPU
		{D3C6EA8F-1A82-4885-849E-D83747CD8EBC}.Debug|x86.ActiveCfg = Debug|Any CPU
		{D3C6EA8F-1A82-4885-849E-D83747CD8EBC}.Debug|x86.Build.0 = Debug|Any CPU
		{D3C6EA8F-1A82-4885-849E-D83747CD8EBC}.Release|Any CPU.ActiveCfg = Release|Any CPU
		{D3C6EA8F-1A82-4885-849E-D83747CD8EBC}.Release|Any CPU.Build.0 = Release|Any CPU
		{D3C6EA8F-1A82-4885-849E-D83747CD8EBC}.Release|Mixed Platforms.ActiveCfg = Release|Any CPU
		{D3C6EA8F-1A82-4885-849E-D83747CD8EBC}.Release|Mixed Platforms.Build.0 = Release|Any CPU
		{D3C6EA8F-1A82-4885-849E-D83747CD8EBC}.Release|x86.ActiveCfg = Release|Any CPU
		{D3C6EA8F-1A82-4885-849E-D83747CD8EBC}.Release|x86.Build.0 = Release|Any CPU
		{B29DC7F0-2A16-4585-80A2-B4030558EC35}.Debug|Any CPU.ActiveCfg = Debug|Any CPU
		{B29DC7F0-2A16-4585-80A2-B4030558EC35}.Debug|Any CPU.Build.0 = Debug|Any CPU
		{B29DC7F0-2A16-4585-80A2-B4030558EC35}.Debug|Mixed Platforms.ActiveCfg = Debug|Any CPU
		{B29DC7F0-2A16-4585-80A2-B4030558EC35}.Debug|Mixed Platforms.Build.0 = Debug|Any CPU
		{B29DC7F0-2A16-4585-80A2-B4030558EC35}.Debug|x86.ActiveCfg = Debug|Any CPU
		{B29DC7F0-2A16-4585-80A2-B4030558EC35}.Debug|x86.Build.0 = Debug|Any CPU
		{B29DC7F0-2A16-4585-80A2-B4030558EC35}.Release|Any CPU.ActiveCfg = Release|Any CPU
		{B29DC7F0-2A16-4585-80A2-B4030558EC35}.Release|Any CPU.Build.0 = Release|Any CPU
		{B29DC7F0-2A16-4585-80A2-B4030558EC35}.Release|Mixed Platforms.ActiveCfg = Release|Any CPU
		{B29DC7F0-2A16-4585-80A2-B4030558EC35}.Release|Mixed Platforms.Build.0 = Release|Any CPU
		{B29DC7F0-2A16-4585-80A2-B4030558EC35}.Release|x86.ActiveCfg = Release|Any CPU
		{B29DC7F0-2A16-4585-80A2-B4030558EC35}.Release|x86.Build.0 = Release|Any CPU
		{B29DC7F0-2A16-4585-80A2-B4030558EC35}.Debug|Any CPU.ActiveCfg = Debug|Any CPU
		{B29DC7F0-2A16-4585-80A2-B4030558EC35}.Debug|Any CPU.Build.0 = Debug|Any CPU
		{B29DC7F0-2A16-4585-80A2-B4030558EC35}.Debug|Mixed Platforms.ActiveCfg = Debug|Any CPU
		{B29DC7F0-2A16-4585-80A2-B4030558EC35}.Debug|Mixed Platforms.Build.0 = Debug|Any CPU
		{B29DC7F0-2A16-4585-80A2-B4030558EC35}.Debug|x86.ActiveCfg = Debug|Any CPU
		{B29DC7F0-2A16-4585-80A2-B4030558EC35}.Debug|x86.Build.0 = Debug|Any CPU
		{B29DC7F0-2A16-4585-80A2-B4030558EC35}.Release|Any CPU.ActiveCfg = Release|Any CPU
		{B29DC7F0-2A16-4585-80A2-B4030558EC35}.Release|Any CPU.Build.0 = Release|Any CPU
		{B29DC7F0-2A16-4585-80A2-B4030558EC35}.Release|Mixed Platforms.ActiveCfg = Release|Any CPU
		{B29DC7F0-2A16-4585-80A2-B4030558EC35}.Release|Mixed Platforms.Build.0 = Release|Any CPU
		{B29DC7F0-2A16-4585-80A2-B4030558EC35}.Release|x86.ActiveCfg = Release|Any CPU
		{B29DC7F0-2A16-4585-80A2-B4030558EC35}.Release|x86.Build.0 = Release|Any CPU
		{7C228BB5-E710-4170-9C70-8A588040E405}.Debug|Any CPU.ActiveCfg = Debug|Any CPU
		{7C228BB5-E710-4170-9C70-8A588040E405}.Debug|Any CPU.Build.0 = Debug|Any CPU
		{7C228BB5-E710-4170-9C70-8A588040E405}.Debug|Mixed Platforms.ActiveCfg = Debug|Any CPU
		{7C228BB5-E710-4170-9C70-8A588040E405}.Debug|Mixed Platforms.Build.0 = Debug|Any CPU
		{7C228BB5-E710-4170-9C70-8A588040E405}.Debug|x86.ActiveCfg = Debug|Any CPU
		{7C228BB5-E710-4170-9C70-8A588040E405}.Debug|x86.Build.0 = Debug|Any CPU
		{7C228BB5-E710-4170-9C70-8A588040E405}.Release|Any CPU.ActiveCfg = Release|Any CPU
		{7C228BB5-E710-4170-9C70-8A588040E405}.Release|Any CPU.Build.0 = Release|Any CPU
		{7C228BB5-E710-4170-9C70-8A588040E405}.Release|Mixed Platforms.ActiveCfg = Release|Any CPU
		{7C228BB5-E710-4170-9C70-8A588040E405}.Release|Mixed Platforms.Build.0 = Release|Any CPU
		{7C228BB5-E710-4170-9C70-8A588040E405}.Release|x86.ActiveCfg = Release|Any CPU
		{7C228BB5-E710-4170-9C70-8A588040E405}.Release|x86.Build.0 = Release|Any CPU
		{A4B3AF37-1A1B-4253-9C24-DF1C81D9C7A8}.Debug|Any CPU.ActiveCfg = Debug|Any CPU
		{A4B3AF37-1A1B-4253-9C24-DF1C81D9C7A8}.Debug|Any CPU.Build.0 = Debug|Any CPU
		{A4B3AF37-1A1B-4253-9C24-DF1C81D9C7A8}.Debug|Mixed Platforms.ActiveCfg = Debug|Any CPU
		{A4B3AF37-1A1B-4253-9C24-DF1C81D9C7A8}.Debug|Mixed Platforms.Build.0 = Debug|Any CPU
		{A4B3AF37-1A1B-4253-9C24-DF1C81D9C7A8}.Debug|x86.ActiveCfg = Debug|Any CPU
		{A4B3AF37-1A1B-4253-9C24-DF1C81D9C7A8}.Debug|x86.Build.0 = Debug|Any CPU
		{A4B3AF37-1A1B-4253-9C24-DF1C81D9C7A8}.Release|Any CPU.ActiveCfg = Release|Any CPU
		{A4B3AF37-1A1B-4253-9C24-DF1C81D9C7A8}.Release|Any CPU.Build.0 = Release|Any CPU
		{A4B3AF37-1A1B-4253-9C24-DF1C81D9C7A8}.Release|Mixed Platforms.ActiveCfg = Release|Any CPU
		{A4B3AF37-1A1B-4253-9C24-DF1C81D9C7A8}.Release|Mixed Platforms.Build.0 = Release|Any CPU
		{A4B3AF37-1A1B-4253-9C24-DF1C81D9C7A8}.Release|x86.ActiveCfg = Release|Any CPU
		{A4B3AF37-1A1B-4253-9C24-DF1C81D9C7A8}.Release|x86.Build.0 = Release|Any CPU
	EndGlobalSection
	GlobalSection(SolutionProperties) = preSolution
		HideSolutionNode = FALSE
	EndGlobalSection
EndGlobal
